
Microsoft Visual Studio Solution File, Format Version 12.00
# Visual Studio Version 17
VisualStudioVersion = 17.0.31919.166
MinimumVisualStudioVersion = 10.0.40219.1
Project("{9A19103F-16F7-4668-BE54-9A1E7A4F7556}") = "TrialByFire.Tresearch.Main", "TrialByFire.Tresearch\TrialByFire.Tresearch.Main.csproj", "{0ED3F731-624C-481F-AF85-45911D18E2EF}"
EndProject
Project("{9A19103F-16F7-4668-BE54-9A1E7A4F7556}") = "TrialByFire.Tresearch.Logging", "TrialByFire.Tresearch.Logging\TrialByFire.Tresearch.Logging.csproj", "{127E07F3-30D9-4679-8F0C-758DA07305BA}"
EndProject
Project("{9A19103F-16F7-4668-BE54-9A1E7A4F7556}") = "TrialByFire.Tresearch.DomainModels", "TrialByFire.Tresearch.DomainModels\TrialByFire.Tresearch.DomainModels.csproj", "{52EDA6B3-C414-495A-85A1-DB47C8C59B06}"
EndProject
Project("{9A19103F-16F7-4668-BE54-9A1E7A4F7556}") = "TrialByFire.Tresearch.Services", "TrialByFire.Tresearch.Services\TrialByFire.Tresearch.Services.csproj", "{47C6E5C7-3852-43F9-BAE9-B7E6B4DCB418}"
EndProject
Project("{9A19103F-16F7-4668-BE54-9A1E7A4F7556}") = "TrialByFire.Tresearch.Managers", "TrialByFire.Tresearch.Managers\TrialByFire.Tresearch.Managers.csproj", "{BC616190-834E-4335-8746-42E9E90C84F1}"
EndProject
Project("{9A19103F-16F7-4668-BE54-9A1E7A4F7556}") = "TrialByFire.Tresearch.DAL", "TrialByFire.Tresearch.DAL\TrialByFire.Tresearch.DAL.csproj", "{8AFEED92-2F79-43A6-9039-E7A76AD614EE}"
	ProjectSection(ProjectDependencies) = postProject
		{39997351-8B48-4B59-82CF-5A5CB1247FD2} = {39997351-8B48-4B59-82CF-5A5CB1247FD2}
	EndProjectSection
EndProject
Project("{9A19103F-16F7-4668-BE54-9A1E7A4F7556}") = "TrialByFire.DAL.Tests", "Tresearch.DAL.Tests\TrialByFire.DAL.Tests.csproj", "{B3AE7F99-DE28-4AA8-AD16-73B99B5AB16B}"
EndProject
Project("{9A19103F-16F7-4668-BE54-9A1E7A4F7556}") = "TrialByFire.Tresearch.Exceptions", "TrialByFire.Tresearch.Exceptions\TrialByFire.Tresearch.Exceptions.csproj", "{39997351-8B48-4B59-82CF-5A5CB1247FD2}"
EndProject
Project("{9A19103F-16F7-4668-BE54-9A1E7A4F7556}") = "TrialByFire.Logging.Tests", "Tresearch.Logging.Tests\TrialByFire.Logging.Tests.csproj", "{E4BCBB61-6892-4628-BEEE-39FDECB980F0}"
EndProject
Project("{9A19103F-16F7-4668-BE54-9A1E7A4F7556}") = "TrialByFire.Services.Tests", "Tresearch.ArchivingService.Test\TrialByFire.Services.Tests.csproj", "{5AD3032C-EF22-44A2-9D75-B36B289336F8}"
EndProject
Project("{9A19103F-16F7-4668-BE54-9A1E7A4F7556}") = "TrialByFire.Managers.Tests", "TrialByFire.Managers.Test\TrialByFire.Managers.Tests.csproj", "{08D2CA01-71A8-41FC-AB97-F07669154BCB}"
EndProject
Project("{2150E333-8FDC-42A3-9474-1A3956D46DE8}") = "Solution Items", "Solution Items", "{347043E0-2B70-4DB4-9398-9E8EBD9DC496}"
	ProjectSection(SolutionItems) = preProject
		App.config = App.config
	EndProjectSection
EndProject
Project("{9A19103F-16F7-4668-BE54-9A1E7A4F7556}") = "TrialByFire.Tresearch.Controllers", "TrialByFire.Tresearch.Controllers\TrialByFire.Tresearch.Controllers.csproj", "{0E5C3A6B-290A-49D6-A60C-347FA1C0822D}"
	ProjectSection(ProjectDependencies) = postProject
		{8AFEED92-2F79-43A6-9039-E7A76AD614EE} = {8AFEED92-2F79-43A6-9039-E7A76AD614EE}
		{127E07F3-30D9-4679-8F0C-758DA07305BA} = {127E07F3-30D9-4679-8F0C-758DA07305BA}
	EndProjectSection
EndProject
Project("{FAE04EC0-301F-11D3-BF4B-00C04F79EFBC}") = "TrialByFire.Controllers.Tests", "TrialByFire.Controllers.Tests\TrialByFire.Controllers.Tests.csproj", "{CE4069DB-58BF-4787-850C-75A1CFD83C0B}"
EndProject
Global
	GlobalSection(SolutionConfigurationPlatforms) = preSolution
		Debug|Any CPU = Debug|Any CPU
		Release|Any CPU = Release|Any CPU
	EndGlobalSection
	GlobalSection(ProjectConfigurationPlatforms) = postSolution
		{0ED3F731-624C-481F-AF85-45911D18E2EF}.Debug|Any CPU.ActiveCfg = Debug|Any CPU
		{0ED3F731-624C-481F-AF85-45911D18E2EF}.Debug|Any CPU.Build.0 = Debug|Any CPU
		{0ED3F731-624C-481F-AF85-45911D18E2EF}.Release|Any CPU.ActiveCfg = Release|Any CPU
		{0ED3F731-624C-481F-AF85-45911D18E2EF}.Release|Any CPU.Build.0 = Release|Any CPU
		{127E07F3-30D9-4679-8F0C-758DA07305BA}.Debug|Any CPU.ActiveCfg = Debug|Any CPU
		{127E07F3-30D9-4679-8F0C-758DA07305BA}.Debug|Any CPU.Build.0 = Debug|Any CPU
		{127E07F3-30D9-4679-8F0C-758DA07305BA}.Release|Any CPU.ActiveCfg = Release|Any CPU
		{127E07F3-30D9-4679-8F0C-758DA07305BA}.Release|Any CPU.Build.0 = Release|Any CPU
		{52EDA6B3-C414-495A-85A1-DB47C8C59B06}.Debug|Any CPU.ActiveCfg = Debug|Any CPU
		{52EDA6B3-C414-495A-85A1-DB47C8C59B06}.Debug|Any CPU.Build.0 = Debug|Any CPU
		{52EDA6B3-C414-495A-85A1-DB47C8C59B06}.Release|Any CPU.ActiveCfg = Release|Any CPU
		{52EDA6B3-C414-495A-85A1-DB47C8C59B06}.Release|Any CPU.Build.0 = Release|Any CPU
		{47C6E5C7-3852-43F9-BAE9-B7E6B4DCB418}.Debug|Any CPU.ActiveCfg = Debug|Any CPU
		{47C6E5C7-3852-43F9-BAE9-B7E6B4DCB418}.Debug|Any CPU.Build.0 = Debug|Any CPU
		{47C6E5C7-3852-43F9-BAE9-B7E6B4DCB418}.Release|Any CPU.ActiveCfg = Release|Any CPU
		{47C6E5C7-3852-43F9-BAE9-B7E6B4DCB418}.Release|Any CPU.Build.0 = Release|Any CPU
		{BC616190-834E-4335-8746-42E9E90C84F1}.Debug|Any CPU.ActiveCfg = Debug|Any CPU
		{BC616190-834E-4335-8746-42E9E90C84F1}.Debug|Any CPU.Build.0 = Debug|Any CPU
		{BC616190-834E-4335-8746-42E9E90C84F1}.Release|Any CPU.ActiveCfg = Release|Any CPU
		{BC616190-834E-4335-8746-42E9E90C84F1}.Release|Any CPU.Build.0 = Release|Any CPU
		{8AFEED92-2F79-43A6-9039-E7A76AD614EE}.Debug|Any CPU.ActiveCfg = Debug|Any CPU
		{8AFEED92-2F79-43A6-9039-E7A76AD614EE}.Debug|Any CPU.Build.0 = Debug|Any CPU
		{8AFEED92-2F79-43A6-9039-E7A76AD614EE}.Release|Any CPU.ActiveCfg = Release|Any CPU
		{8AFEED92-2F79-43A6-9039-E7A76AD614EE}.Release|Any CPU.Build.0 = Release|Any CPU
		{B3AE7F99-DE28-4AA8-AD16-73B99B5AB16B}.Debug|Any CPU.ActiveCfg = Debug|Any CPU
		{B3AE7F99-DE28-4AA8-AD16-73B99B5AB16B}.Debug|Any CPU.Build.0 = Debug|Any CPU
		{B3AE7F99-DE28-4AA8-AD16-73B99B5AB16B}.Release|Any CPU.ActiveCfg = Release|Any CPU
		{B3AE7F99-DE28-4AA8-AD16-73B99B5AB16B}.Release|Any CPU.Build.0 = Release|Any CPU
		{39997351-8B48-4B59-82CF-5A5CB1247FD2}.Debug|Any CPU.ActiveCfg = Debug|Any CPU
		{39997351-8B48-4B59-82CF-5A5CB1247FD2}.Debug|Any CPU.Build.0 = Debug|Any CPU
		{39997351-8B48-4B59-82CF-5A5CB1247FD2}.Release|Any CPU.ActiveCfg = Release|Any CPU
		{39997351-8B48-4B59-82CF-5A5CB1247FD2}.Release|Any CPU.Build.0 = Release|Any CPU
		{E4BCBB61-6892-4628-BEEE-39FDECB980F0}.Debug|Any CPU.ActiveCfg = Debug|Any CPU
		{E4BCBB61-6892-4628-BEEE-39FDECB980F0}.Debug|Any CPU.Build.0 = Debug|Any CPU
		{E4BCBB61-6892-4628-BEEE-39FDECB980F0}.Release|Any CPU.ActiveCfg = Release|Any CPU
		{E4BCBB61-6892-4628-BEEE-39FDECB980F0}.Release|Any CPU.Build.0 = Release|Any CPU
		{5AD3032C-EF22-44A2-9D75-B36B289336F8}.Debug|Any CPU.ActiveCfg = Debug|Any CPU
		{5AD3032C-EF22-44A2-9D75-B36B289336F8}.Debug|Any CPU.Build.0 = Debug|Any CPU
		{5AD3032C-EF22-44A2-9D75-B36B289336F8}.Release|Any CPU.ActiveCfg = Release|Any CPU
		{5AD3032C-EF22-44A2-9D75-B36B289336F8}.Release|Any CPU.Build.0 = Release|Any CPU
		{08D2CA01-71A8-41FC-AB97-F07669154BCB}.Debug|Any CPU.ActiveCfg = Debug|Any CPU
		{08D2CA01-71A8-41FC-AB97-F07669154BCB}.Debug|Any CPU.Build.0 = Debug|Any CPU
		{08D2CA01-71A8-41FC-AB97-F07669154BCB}.Release|Any CPU.ActiveCfg = Release|Any CPU
		{08D2CA01-71A8-41FC-AB97-F07669154BCB}.Release|Any CPU.Build.0 = Release|Any CPU
		{0E5C3A6B-290A-49D6-A60C-347FA1C0822D}.Debug|Any CPU.ActiveCfg = Debug|Any CPU
		{0E5C3A6B-290A-49D6-A60C-347FA1C0822D}.Debug|Any CPU.Build.0 = Debug|Any CPU
		{0E5C3A6B-290A-49D6-A60C-347FA1C0822D}.Release|Any CPU.ActiveCfg = Release|Any CPU
		{0E5C3A6B-290A-49D6-A60C-347FA1C0822D}.Release|Any CPU.Build.0 = Release|Any CPU
		{CE4069DB-58BF-4787-850C-75A1CFD83C0B}.Debug|Any CPU.ActiveCfg = Debug|Any CPU
		{CE4069DB-58BF-4787-850C-75A1CFD83C0B}.Debug|Any CPU.Build.0 = Debug|Any CPU
		{CE4069DB-58BF-4787-850C-75A1CFD83C0B}.Release|Any CPU.ActiveCfg = Release|Any CPU
		{CE4069DB-58BF-4787-850C-75A1CFD83C0B}.Release|Any CPU.Build.0 = Release|Any CPU
	EndGlobalSection
	GlobalSection(SolutionProperties) = preSolution
		HideSolutionNode = FALSE
	EndGlobalSection
	GlobalSection(ExtensibilityGlobals) = postSolution
		SolutionGuid = {EFB42F3F-D511-4A32-9E04-224084B51340}
	EndGlobalSection
EndGlobal
